
Microsoft Visual Studio Solution File, Format Version 12.00
# Visual Studio 15
VisualStudioVersion = 15.0.28307.902
MinimumVisualStudioVersion = 10.0.40219.1
Project("{FAE04EC0-301F-11D3-BF4B-00C04F79EFBC}") = "SS Tool Box", "SS Tool Box\SS Tool Box.csproj", "{EDCF872F-5CD9-477B-A03A-2C9BF0B2482D}"
EndProject
Global
	GlobalSection(SolutionConfigurationPlatforms) = preSolution
		Debug|Any CPU = Debug|Any CPU
		Release|Any CPU = Release|Any CPU
	EndGlobalSection
	GlobalSection(ProjectConfigurationPlatforms) = postSolution
		{EDCF872F-5CD9-477B-A03A-2C9BF0B2482D}.Debug|Any CPU.ActiveCfg = Debug|Any CPU
		{EDCF872F-5CD9-477B-A03A-2C9BF0B2482D}.Debug|Any CPU.Build.0 = Debug|Any CPU
		{EDCF872F-5CD9-477B-A03A-2C9BF0B2482D}.Release|Any CPU.ActiveCfg = Release|Any CPU
		{EDCF872F-5CD9-477B-A03A-2C9BF0B2482D}.Release|Any CPU.Build.0 = Release|Any CPU
	EndGlobalSection
	GlobalSection(SolutionProperties) = preSolution
		HideSolutionNode = FALSE
	EndGlobalSection
	GlobalSection(ExtensibilityGlobals) = postSolution
		SolutionGuid = {0C83DEFF-F3CD-449D-B63C-2106B6416C52}
	EndGlobalSection
EndGlobal
