
Microsoft Visual Studio Solution File, Format Version 12.00
# Visual Studio 15
VisualStudioVersion = 15.0.28307.902
MinimumVisualStudioVersion = 10.0.40219.1
Project("{FAE04EC0-301F-11D3-BF4B-00C04F79EFBC}") = "SS Tool Box", "SS Tool Box\SS Tool Box.csproj", "{41432775-1992-40B5-9E4C-D034635A95A8}"
EndProject
Project("{FAE04EC0-301F-11D3-BF4B-00C04F79EFBC}") = "SSTB - 总单元测试", "SS Tool BoxTests\SSTB - 总单元测试.csproj", "{7F84F2CE-F0BF-45E3-8265-8630500C87E4}"
EndProject
Global
	GlobalSection(SolutionConfigurationPlatforms) = preSolution
		Debug|Any CPU = Debug|Any CPU
		Debug|x64 = Debug|x64
		Debug|x86 = Debug|x86
		Release|Any CPU = Release|Any CPU
		Release|x64 = Release|x64
		Release|x86 = Release|x86
	EndGlobalSection
	GlobalSection(ProjectConfigurationPlatforms) = postSolution
		{41432775-1992-40B5-9E4C-D034635A95A8}.Debug|Any CPU.ActiveCfg = Debug|Any CPU
		{41432775-1992-40B5-9E4C-D034635A95A8}.Debug|Any CPU.Build.0 = Debug|Any CPU
		{41432775-1992-40B5-9E4C-D034635A95A8}.Debug|x64.ActiveCfg = Debug|Any CPU
		{41432775-1992-40B5-9E4C-D034635A95A8}.Debug|x64.Build.0 = Debug|Any CPU
		{41432775-1992-40B5-9E4C-D034635A95A8}.Debug|x86.ActiveCfg = Debug|Any CPU
		{41432775-1992-40B5-9E4C-D034635A95A8}.Debug|x86.Build.0 = Debug|Any CPU
		{41432775-1992-40B5-9E4C-D034635A95A8}.Release|Any CPU.ActiveCfg = Release|Any CPU
		{41432775-1992-40B5-9E4C-D034635A95A8}.Release|Any CPU.Build.0 = Release|Any CPU
		{41432775-1992-40B5-9E4C-D034635A95A8}.Release|x64.ActiveCfg = Release|Any CPU
		{41432775-1992-40B5-9E4C-D034635A95A8}.Release|x64.Build.0 = Release|Any CPU
		{41432775-1992-40B5-9E4C-D034635A95A8}.Release|x86.ActiveCfg = Release|Any CPU
		{41432775-1992-40B5-9E4C-D034635A95A8}.Release|x86.Build.0 = Release|Any CPU
		{7F84F2CE-F0BF-45E3-8265-8630500C87E4}.Debug|Any CPU.ActiveCfg = Debug|Any CPU
		{7F84F2CE-F0BF-45E3-8265-8630500C87E4}.Debug|Any CPU.Build.0 = Debug|Any CPU
		{7F84F2CE-F0BF-45E3-8265-8630500C87E4}.Debug|x64.ActiveCfg = Debug|Any CPU
		{7F84F2CE-F0BF-45E3-8265-8630500C87E4}.Debug|x64.Build.0 = Debug|Any CPU
		{7F84F2CE-F0BF-45E3-8265-8630500C87E4}.Debug|x86.ActiveCfg = Debug|Any CPU
		{7F84F2CE-F0BF-45E3-8265-8630500C87E4}.Debug|x86.Build.0 = Debug|Any CPU
		{7F84F2CE-F0BF-45E3-8265-8630500C87E4}.Release|Any CPU.ActiveCfg = Release|Any CPU
		{7F84F2CE-F0BF-45E3-8265-8630500C87E4}.Release|Any CPU.Build.0 = Release|Any CPU
		{7F84F2CE-F0BF-45E3-8265-8630500C87E4}.Release|x64.ActiveCfg = Release|Any CPU
		{7F84F2CE-F0BF-45E3-8265-8630500C87E4}.Release|x64.Build.0 = Release|Any CPU
		{7F84F2CE-F0BF-45E3-8265-8630500C87E4}.Release|x86.ActiveCfg = Release|Any CPU
		{7F84F2CE-F0BF-45E3-8265-8630500C87E4}.Release|x86.Build.0 = Release|Any CPU
	EndGlobalSection
	GlobalSection(SolutionProperties) = preSolution
		HideSolutionNode = FALSE
	EndGlobalSection
	GlobalSection(ExtensibilityGlobals) = postSolution
		SolutionGuid = {E21F665A-1AE1-409C-8D73-7C68F72EF8B0}
	EndGlobalSection
EndGlobal
